
Microsoft Visual Studio Solution File, Format Version 12.00
# Visual Studio 14
VisualStudioVersion = 14.0.25420.1
MinimumVisualStudioVersion = 10.0.40219.1
Project("{FAE04EC0-301F-11D3-BF4B-00C04F79EFBC}") = "DigitalTripDataLoader.Models", "DigitalTripDataLoader.Models\DigitalTripDataLoader.Models.csproj", "{FB43C732-888C-4BC0-8972-6F060809AAD0}"
EndProject
Project("{FAE04EC0-301F-11D3-BF4B-00C04F79EFBC}") = "DigitalTripDataLoader.Console", "DigitalTripDataLoader.Console\DigitalTripDataLoader.Console.csproj", "{FFAADDE6-030A-49CF-A5CE-FB295643B7DF}"
EndProject
Project("{FAE04EC0-301F-11D3-BF4B-00C04F79EFBC}") = "DigitalTripDataLoader.Service", "DigitalTripDataLoader.Service\DigitalTripDataLoader.Service.csproj", "{3E38FB22-AE41-45A8-8312-DC711BC2864C}"
EndProject
Project("{FAE04EC0-301F-11D3-BF4B-00C04F79EFBC}") = "DigitalTripDataLoader.Service.Tests", "DigitalTripDataLoader.Service.Tests\DigitalTripDataLoader.Service.Tests.csproj", "{65D17789-7DF6-43E2-8334-80F358406CCD}"
EndProject
Project("{FAE04EC0-301F-11D3-BF4B-00C04F79EFBC}") = "DigitalTripDataLoader.eCommerce.Models", "src\DigitalTripDataLoader.eCommerce.Models\DigitalTripDataLoader.eCommerce.Models.csproj", "{4359CAB7-951C-45F2-BA15-AE412A9088FE}"
EndProject
Project("{FAE04EC0-301F-11D3-BF4B-00C04F79EFBC}") = "DigitalTripDataLoader.eCommerce.Mappers", "DigitalTripDataLoader.eCommerce.Mappers\DigitalTripDataLoader.eCommerce.Mappers.csproj", "{571DC8BE-9F6B-4025-844C-C05EACFEB2DA}"
EndProject
Project("{2150E333-8FDC-42A3-9474-1A3956D46DE8}") = "Implementation", "Implementation", "{3A5D1988-820B-4154-BAF1-E00FD1E9C6A7}"
EndProject
Project("{2150E333-8FDC-42A3-9474-1A3956D46DE8}") = "Tests", "Tests", "{23B20D05-3A53-4FA5-960B-9198E2497CFB}"
EndProject
Project("{FAE04EC0-301F-11D3-BF4B-00C04F79EFBC}") = "DigitalTripDataLoader.eCommerce.Mappers.Tests", "test\DigitalTripDataLoader.eCommerce.Mappers.Tests\DigitalTripDataLoader.eCommerce.Mappers.Tests.csproj", "{2C832347-D149-40CD-BACE-FFF12286944D}"
EndProject
Project("{FAE04EC0-301F-11D3-BF4B-00C04F79EFBC}") = "DigitalTripDataLoader.TestUtils", "test\DigitalTripDataLoader.TestUtils\DigitalTripDataLoader.TestUtils.csproj", "{688C618D-D69A-4AF4-8DD9-AEE8CCA1076D}"
EndProject
Project("{FAE04EC0-301F-11D3-BF4B-00C04F79EFBC}") = "DigitalTripDataLoader.Utils", "src\DigitalTripDataLoader.Utils\DigitalTripDataLoader.Utils.csproj", "{D84530E4-13B0-47BD-BB3D-F6E060F516C2}"
EndProject
Project("{FAE04EC0-301F-11D3-BF4B-00C04F79EFBC}") = "DigitalTripDataLoader.Utils.Tests", "test\DigitalTripDataLoader.Utils.Tests\DigitalTripDataLoader.Utils.Tests.csproj", "{F89F6F46-7D22-43DF-94D1-3C22F1346E05}"
EndProject
Project("{FAE04EC0-301F-11D3-BF4B-00C04F79EFBC}") = "DigitalTripDataLoader.eCommerce.Services", "src\DigitalTripDataLoader.eCommerce.Services\DigitalTripDataLoader.eCommerce.Services.csproj", "{1A5D1014-8FE0-4187-BA92-8B2D55301C33}"
EndProject
Project("{FAE04EC0-301F-11D3-BF4B-00C04F79EFBC}") = "DigitalTripDataLoader.eCommerce.Services.Tests", "test\DigitalTripDataLoader.eCommerce.Services.Tests\DigitalTripDataLoader.eCommerce.Services.Tests.csproj", "{056D5FAF-4B92-4DEE-A41C-221FC5895736}"
EndProject
Global
	GlobalSection(SolutionConfigurationPlatforms) = preSolution
		Debug|Any CPU = Debug|Any CPU
		Release|Any CPU = Release|Any CPU
	EndGlobalSection
	GlobalSection(ProjectConfigurationPlatforms) = postSolution
		{FB43C732-888C-4BC0-8972-6F060809AAD0}.Debug|Any CPU.ActiveCfg = Debug|Any CPU
		{FB43C732-888C-4BC0-8972-6F060809AAD0}.Debug|Any CPU.Build.0 = Debug|Any CPU
		{FB43C732-888C-4BC0-8972-6F060809AAD0}.Release|Any CPU.ActiveCfg = Release|Any CPU
		{FB43C732-888C-4BC0-8972-6F060809AAD0}.Release|Any CPU.Build.0 = Release|Any CPU
		{FFAADDE6-030A-49CF-A5CE-FB295643B7DF}.Debug|Any CPU.ActiveCfg = Debug|Any CPU
		{FFAADDE6-030A-49CF-A5CE-FB295643B7DF}.Debug|Any CPU.Build.0 = Debug|Any CPU
		{FFAADDE6-030A-49CF-A5CE-FB295643B7DF}.Release|Any CPU.ActiveCfg = Release|Any CPU
		{FFAADDE6-030A-49CF-A5CE-FB295643B7DF}.Release|Any CPU.Build.0 = Release|Any CPU
		{3E38FB22-AE41-45A8-8312-DC711BC2864C}.Debug|Any CPU.ActiveCfg = Debug|Any CPU
		{3E38FB22-AE41-45A8-8312-DC711BC2864C}.Debug|Any CPU.Build.0 = Debug|Any CPU
		{3E38FB22-AE41-45A8-8312-DC711BC2864C}.Release|Any CPU.ActiveCfg = Release|Any CPU
		{3E38FB22-AE41-45A8-8312-DC711BC2864C}.Release|Any CPU.Build.0 = Release|Any CPU
		{65D17789-7DF6-43E2-8334-80F358406CCD}.Debug|Any CPU.ActiveCfg = Debug|Any CPU
		{65D17789-7DF6-43E2-8334-80F358406CCD}.Debug|Any CPU.Build.0 = Debug|Any CPU
		{65D17789-7DF6-43E2-8334-80F358406CCD}.Release|Any CPU.ActiveCfg = Release|Any CPU
		{65D17789-7DF6-43E2-8334-80F358406CCD}.Release|Any CPU.Build.0 = Release|Any CPU
		{4359CAB7-951C-45F2-BA15-AE412A9088FE}.Debug|Any CPU.ActiveCfg = Debug|Any CPU
		{4359CAB7-951C-45F2-BA15-AE412A9088FE}.Debug|Any CPU.Build.0 = Debug|Any CPU
		{4359CAB7-951C-45F2-BA15-AE412A9088FE}.Release|Any CPU.ActiveCfg = Release|Any CPU
		{4359CAB7-951C-45F2-BA15-AE412A9088FE}.Release|Any CPU.Build.0 = Release|Any CPU
		{571DC8BE-9F6B-4025-844C-C05EACFEB2DA}.Debug|Any CPU.ActiveCfg = Debug|Any CPU
		{571DC8BE-9F6B-4025-844C-C05EACFEB2DA}.Debug|Any CPU.Build.0 = Debug|Any CPU
		{571DC8BE-9F6B-4025-844C-C05EACFEB2DA}.Release|Any CPU.ActiveCfg = Release|Any CPU
		{571DC8BE-9F6B-4025-844C-C05EACFEB2DA}.Release|Any CPU.Build.0 = Release|Any CPU
		{2C832347-D149-40CD-BACE-FFF12286944D}.Debug|Any CPU.ActiveCfg = Debug|Any CPU
		{2C832347-D149-40CD-BACE-FFF12286944D}.Debug|Any CPU.Build.0 = Debug|Any CPU
		{2C832347-D149-40CD-BACE-FFF12286944D}.Release|Any CPU.ActiveCfg = Release|Any CPU
		{2C832347-D149-40CD-BACE-FFF12286944D}.Release|Any CPU.Build.0 = Release|Any CPU
		{688C618D-D69A-4AF4-8DD9-AEE8CCA1076D}.Debug|Any CPU.ActiveCfg = Debug|Any CPU
		{688C618D-D69A-4AF4-8DD9-AEE8CCA1076D}.Debug|Any CPU.Build.0 = Debug|Any CPU
		{688C618D-D69A-4AF4-8DD9-AEE8CCA1076D}.Release|Any CPU.ActiveCfg = Release|Any CPU
		{688C618D-D69A-4AF4-8DD9-AEE8CCA1076D}.Release|Any CPU.Build.0 = Release|Any CPU
		{D84530E4-13B0-47BD-BB3D-F6E060F516C2}.Debug|Any CPU.ActiveCfg = Debug|Any CPU
		{D84530E4-13B0-47BD-BB3D-F6E060F516C2}.Debug|Any CPU.Build.0 = Debug|Any CPU
		{D84530E4-13B0-47BD-BB3D-F6E060F516C2}.Release|Any CPU.ActiveCfg = Release|Any CPU
		{D84530E4-13B0-47BD-BB3D-F6E060F516C2}.Release|Any CPU.Build.0 = Release|Any CPU
		{F89F6F46-7D22-43DF-94D1-3C22F1346E05}.Debug|Any CPU.ActiveCfg = Debug|Any CPU
		{F89F6F46-7D22-43DF-94D1-3C22F1346E05}.Debug|Any CPU.Build.0 = Debug|Any CPU
		{F89F6F46-7D22-43DF-94D1-3C22F1346E05}.Release|Any CPU.ActiveCfg = Release|Any CPU
		{F89F6F46-7D22-43DF-94D1-3C22F1346E05}.Release|Any CPU.Build.0 = Release|Any CPU
		{1A5D1014-8FE0-4187-BA92-8B2D55301C33}.Debug|Any CPU.ActiveCfg = Debug|Any CPU
		{1A5D1014-8FE0-4187-BA92-8B2D55301C33}.Debug|Any CPU.Build.0 = Debug|Any CPU
		{1A5D1014-8FE0-4187-BA92-8B2D55301C33}.Release|Any CPU.ActiveCfg = Release|Any CPU
		{1A5D1014-8FE0-4187-BA92-8B2D55301C33}.Release|Any CPU.Build.0 = Release|Any CPU
		{056D5FAF-4B92-4DEE-A41C-221FC5895736}.Debug|Any CPU.ActiveCfg = Debug|Any CPU
		{056D5FAF-4B92-4DEE-A41C-221FC5895736}.Debug|Any CPU.Build.0 = Debug|Any CPU
		{056D5FAF-4B92-4DEE-A41C-221FC5895736}.Release|Any CPU.ActiveCfg = Release|Any CPU
		{056D5FAF-4B92-4DEE-A41C-221FC5895736}.Release|Any CPU.Build.0 = Release|Any CPU
	EndGlobalSection
	GlobalSection(SolutionProperties) = preSolution
		HideSolutionNode = FALSE
	EndGlobalSection
	GlobalSection(NestedProjects) = preSolution
		{FB43C732-888C-4BC0-8972-6F060809AAD0} = {3A5D1988-820B-4154-BAF1-E00FD1E9C6A7}
		{FFAADDE6-030A-49CF-A5CE-FB295643B7DF} = {3A5D1988-820B-4154-BAF1-E00FD1E9C6A7}
		{3E38FB22-AE41-45A8-8312-DC711BC2864C} = {3A5D1988-820B-4154-BAF1-E00FD1E9C6A7}
		{65D17789-7DF6-43E2-8334-80F358406CCD} = {23B20D05-3A53-4FA5-960B-9198E2497CFB}
		{4359CAB7-951C-45F2-BA15-AE412A9088FE} = {3A5D1988-820B-4154-BAF1-E00FD1E9C6A7}
		{571DC8BE-9F6B-4025-844C-C05EACFEB2DA} = {3A5D1988-820B-4154-BAF1-E00FD1E9C6A7}
		{2C832347-D149-40CD-BACE-FFF12286944D} = {23B20D05-3A53-4FA5-960B-9198E2497CFB}
		{688C618D-D69A-4AF4-8DD9-AEE8CCA1076D} = {23B20D05-3A53-4FA5-960B-9198E2497CFB}
		{D84530E4-13B0-47BD-BB3D-F6E060F516C2} = {3A5D1988-820B-4154-BAF1-E00FD1E9C6A7}
		{F89F6F46-7D22-43DF-94D1-3C22F1346E05} = {23B20D05-3A53-4FA5-960B-9198E2497CFB}
		{1A5D1014-8FE0-4187-BA92-8B2D55301C33} = {3A5D1988-820B-4154-BAF1-E00FD1E9C6A7}
		{056D5FAF-4B92-4DEE-A41C-221FC5895736} = {23B20D05-3A53-4FA5-960B-9198E2497CFB}
	EndGlobalSection
EndGlobal
